
Microsoft Visual Studio Solution File, Format Version 12.00
# Visual Studio Version 17
VisualStudioVersion = 17.7.34221.43
MinimumVisualStudioVersion = 10.0.40219.1
Project("{888888A0-9F3D-457C-B088-3A5042F75D52}") = "Earthquake energy calculator", "Earthquake energy calculator\Earthquake energy calculator.pyproj", "{08BF50D9-B7C5-4C20-8086-C903227DD3A2}"
EndProject
Global
	GlobalSection(SolutionConfigurationPlatforms) = preSolution
		Debug|Any CPU = Debug|Any CPU
		Release|Any CPU = Release|Any CPU
	EndGlobalSection
	GlobalSection(ProjectConfigurationPlatforms) = postSolution
		{08BF50D9-B7C5-4C20-8086-C903227DD3A2}.Debug|Any CPU.ActiveCfg = Debug|Any CPU
		{08BF50D9-B7C5-4C20-8086-C903227DD3A2}.Release|Any CPU.ActiveCfg = Release|Any CPU
	EndGlobalSection
	GlobalSection(SolutionProperties) = preSolution
		HideSolutionNode = FALSE
	EndGlobalSection
	GlobalSection(ExtensibilityGlobals) = postSolution
		SolutionGuid = {2AAEDFCA-E194-4570-B047-34CEC6B08665}
	EndGlobalSection
EndGlobal
